// !$*UTF8*$!
{
	archiveVersion = 1;
	classes = {
	};
	objectVersion = 51;
	objects = {

/* Begin PBXBuildFile section */
		2C6066E09BA8BEC789773C47 /* Pods_ParstagramTests.framework in Frameworks */ = {isa = PBXBuildFile; fileRef = 3DC8564C8C75C5C2B853CFA8 /* Pods_ParstagramTests.framework */; };
		3B9B80FE33C23992E34C7C01 /* Pods_Parstagram_ParstagramUITests.framework in Frameworks */ = {isa = PBXBuildFile; fileRef = 5016B8D8EC4917C0B219966B /* Pods_Parstagram_ParstagramUITests.framework */; };
		4E4BF8A994D34B5EC3D520EB /* Pods_Parstagram.framework in Frameworks */ = {isa = PBXBuildFile; fileRef = 965DEBD310301CB37C950D9D /* Pods_Parstagram.framework */; };
		580376E92542A84900E3E471 /* LoginViewController.swift in Sources */ = {isa = PBXBuildFile; fileRef = 580376E82542A84900E3E471 /* LoginViewController.swift */; };
		580376EE2542A89000E3E471 /* FeedViewController.swift in Sources */ = {isa = PBXBuildFile; fileRef = 580376ED2542A89000E3E471 /* FeedViewController.swift */; };
		580376F32542B4FF00E3E471 /* CameraViewController.swift in Sources */ = {isa = PBXBuildFile; fileRef = 580376F22542B4FF00E3E471 /* CameraViewController.swift */; };
		589A87952542CC4A00C5C6D6 /* PostCell.swift in Sources */ = {isa = PBXBuildFile; fileRef = 589A87942542CC4A00C5C6D6 /* PostCell.swift */; };
		58C1F80A254D4E9600F5104A /* CommentCell.swift in Sources */ = {isa = PBXBuildFile; fileRef = 58C1F809254D4E9600F5104A /* CommentCell.swift */; };
		58DDE62A2542A021001980AA /* AppDelegate.swift in Sources */ = {isa = PBXBuildFile; fileRef = 58DDE6292542A021001980AA /* AppDelegate.swift */; };
		58DDE62C2542A021001980AA /* SceneDelegate.swift in Sources */ = {isa = PBXBuildFile; fileRef = 58DDE62B2542A021001980AA /* SceneDelegate.swift */; };
		58DDE6312542A021001980AA /* Main.storyboard in Resources */ = {isa = PBXBuildFile; fileRef = 58DDE62F2542A021001980AA /* Main.storyboard */; };
		58DDE6332542A022001980AA /* Assets.xcassets in Resources */ = {isa = PBXBuildFile; fileRef = 58DDE6322542A022001980AA /* Assets.xcassets */; };
		58DDE6362542A022001980AA /* LaunchScreen.storyboard in Resources */ = {isa = PBXBuildFile; fileRef = 58DDE6342542A022001980AA /* LaunchScreen.storyboard */; };
		58DDE6412542A022001980AA /* ParstagramTests.swift in Sources */ = {isa = PBXBuildFile; fileRef = 58DDE6402542A022001980AA /* ParstagramTests.swift */; };
		58DDE64C2542A022001980AA /* ParstagramUITests.swift in Sources */ = {isa = PBXBuildFile; fileRef = 58DDE64B2542A022001980AA /* ParstagramUITests.swift */; };
/* End PBXBuildFile section */

/* Begin PBXContainerItemProxy section */
		58DDE63D2542A022001980AA /* PBXContainerItemProxy */ = {
			isa = PBXContainerItemProxy;
			containerPortal = 58DDE61E2542A021001980AA /* Project object */;
			proxyType = 1;
			remoteGlobalIDString = 58DDE6252542A021001980AA;
			remoteInfo = Parstagram;
		};
		58DDE6482542A022001980AA /* PBXContainerItemProxy */ = {
			isa = PBXContainerItemProxy;
			containerPortal = 58DDE61E2542A021001980AA /* Project object */;
			proxyType = 1;
			remoteGlobalIDString = 58DDE6252542A021001980AA;
			remoteInfo = Parstagram;
		};
/* End PBXContainerItemProxy section */

/* Begin PBXFileReference section */
		31E0AB624A534E5B3790F681 /* Pods-Parstagram-ParstagramUITests.debug.xcconfig */ = {isa = PBXFileReference; includeInIndex = 1; lastKnownFileType = text.xcconfig; name = "Pods-Parstagram-ParstagramUITests.debug.xcconfig"; path = "Target Support Files/Pods-Parstagram-ParstagramUITests/Pods-Parstagram-ParstagramUITests.debug.xcconfig"; sourceTree = "<group>"; };
		383468D55A760F482CCE8850 /* Pods-ParstagramTests.release.xcconfig */ = {isa = PBXFileReference; includeInIndex = 1; lastKnownFileType = text.xcconfig; name = "Pods-ParstagramTests.release.xcconfig"; path = "Target Support Files/Pods-ParstagramTests/Pods-ParstagramTests.release.xcconfig"; sourceTree = "<group>"; };
		3DC8564C8C75C5C2B853CFA8 /* Pods_ParstagramTests.framework */ = {isa = PBXFileReference; explicitFileType = wrapper.framework; includeInIndex = 0; path = Pods_ParstagramTests.framework; sourceTree = BUILT_PRODUCTS_DIR; };
		4FEAAF5BEAAD0508E3D6AE03 /* Pods-Parstagram.release.xcconfig */ = {isa = PBXFileReference; includeInIndex = 1; lastKnownFileType = text.xcconfig; name = "Pods-Parstagram.release.xcconfig"; path = "Target Support Files/Pods-Parstagram/Pods-Parstagram.release.xcconfig"; sourceTree = "<group>"; };
		5016B8D8EC4917C0B219966B /* Pods_Parstagram_ParstagramUITests.framework */ = {isa = PBXFileReference; explicitFileType = wrapper.framework; includeInIndex = 0; path = Pods_Parstagram_ParstagramUITests.framework; sourceTree = BUILT_PRODUCTS_DIR; };
		50A13FB68F6C4C848058CCDB /* Pods-Parstagram.debug.xcconfig */ = {isa = PBXFileReference; includeInIndex = 1; lastKnownFileType = text.xcconfig; name = "Pods-Parstagram.debug.xcconfig"; path = "Target Support Files/Pods-Parstagram/Pods-Parstagram.debug.xcconfig"; sourceTree = "<group>"; };
		580376E82542A84900E3E471 /* LoginViewController.swift */ = {isa = PBXFileReference; lastKnownFileType = sourcecode.swift; path = LoginViewController.swift; sourceTree = "<group>"; };
		580376ED2542A89000E3E471 /* FeedViewController.swift */ = {isa = PBXFileReference; lastKnownFileType = sourcecode.swift; path = FeedViewController.swift; sourceTree = "<group>"; };
		580376F22542B4FF00E3E471 /* CameraViewController.swift */ = {isa = PBXFileReference; lastKnownFileType = sourcecode.swift; path = CameraViewController.swift; sourceTree = "<group>"; };
		589A87942542CC4A00C5C6D6 /* PostCell.swift */ = {isa = PBXFileReference; lastKnownFileType = sourcecode.swift; path = PostCell.swift; sourceTree = "<group>"; };
		58C1F809254D4E9600F5104A /* CommentCell.swift */ = {isa = PBXFileReference; lastKnownFileType = sourcecode.swift; path = CommentCell.swift; sourceTree = "<group>"; };
		58DDE6262542A021001980AA /* Parstagram.app */ = {isa = PBXFileReference; explicitFileType = wrapper.application; includeInIndex = 0; path = Parstagram.app; sourceTree = BUILT_PRODUCTS_DIR; };
		58DDE6292542A021001980AA /* AppDelegate.swift */ = {isa = PBXFileReference; lastKnownFileType = sourcecode.swift; path = AppDelegate.swift; sourceTree = "<group>"; };
		58DDE62B2542A021001980AA /* SceneDelegate.swift */ = {isa = PBXFileReference; lastKnownFileType = sourcecode.swift; path = SceneDelegate.swift; sourceTree = "<group>"; };
		58DDE6302542A021001980AA /* Base */ = {isa = PBXFileReference; lastKnownFileType = file.storyboard; name = Base; path = Base.lproj/Main.storyboard; sourceTree = "<group>"; };
		58DDE6322542A022001980AA /* Assets.xcassets */ = {isa = PBXFileReference; lastKnownFileType = folder.assetcatalog; path = Assets.xcassets; sourceTree = "<group>"; };
		58DDE6352542A022001980AA /* Base */ = {isa = PBXFileReference; lastKnownFileType = file.storyboard; name = Base; path = Base.lproj/LaunchScreen.storyboard; sourceTree = "<group>"; };
		58DDE6372542A022001980AA /* Info.plist */ = {isa = PBXFileReference; lastKnownFileType = text.plist.xml; path = Info.plist; sourceTree = "<group>"; };
		58DDE63C2542A022001980AA /* ParstagramTests.xctest */ = {isa = PBXFileReference; explicitFileType = wrapper.cfbundle; includeInIndex = 0; path = ParstagramTests.xctest; sourceTree = BUILT_PRODUCTS_DIR; };
		58DDE6402542A022001980AA /* ParstagramTests.swift */ = {isa = PBXFileReference; lastKnownFileType = sourcecode.swift; path = ParstagramTests.swift; sourceTree = "<group>"; };
		58DDE6422542A022001980AA /* Info.plist */ = {isa = PBXFileReference; lastKnownFileType = text.plist.xml; path = Info.plist; sourceTree = "<group>"; };
		58DDE6472542A022001980AA /* ParstagramUITests.xctest */ = {isa = PBXFileReference; explicitFileType = wrapper.cfbundle; includeInIndex = 0; path = ParstagramUITests.xctest; sourceTree = BUILT_PRODUCTS_DIR; };
		58DDE64B2542A022001980AA /* ParstagramUITests.swift */ = {isa = PBXFileReference; lastKnownFileType = sourcecode.swift; path = ParstagramUITests.swift; sourceTree = "<group>"; };
		58DDE64D2542A022001980AA /* Info.plist */ = {isa = PBXFileReference; lastKnownFileType = text.plist.xml; path = Info.plist; sourceTree = "<group>"; };
		6BE2D49A15FB123C2058F32C /* Pods-Parstagram-ParstagramUITests.release.xcconfig */ = {isa = PBXFileReference; includeInIndex = 1; lastKnownFileType = text.xcconfig; name = "Pods-Parstagram-ParstagramUITests.release.xcconfig"; path = "Target Support Files/Pods-Parstagram-ParstagramUITests/Pods-Parstagram-ParstagramUITests.release.xcconfig"; sourceTree = "<group>"; };
		965DEBD310301CB37C950D9D /* Pods_Parstagram.framework */ = {isa = PBXFileReference; explicitFileType = wrapper.framework; includeInIndex = 0; path = Pods_Parstagram.framework; sourceTree = BUILT_PRODUCTS_DIR; };
		F746CE46F979BA829F452E2B /* Pods-ParstagramTests.debug.xcconfig */ = {isa = PBXFileReference; includeInIndex = 1; lastKnownFileType = text.xcconfig; name = "Pods-ParstagramTests.debug.xcconfig"; path = "Target Support Files/Pods-ParstagramTests/Pods-ParstagramTests.debug.xcconfig"; sourceTree = "<group>"; };
/* End PBXFileReference section */

/* Begin PBXFrameworksBuildPhase section */
		58DDE6232542A021001980AA /* Frameworks */ = {
			isa = PBXFrameworksBuildPhase;
			buildActionMask = 2147483647;
			files = (
				4E4BF8A994D34B5EC3D520EB /* Pods_Parstagram.framework in Frameworks */,
			);
			runOnlyForDeploymentPostprocessing = 0;
		};
		58DDE6392542A022001980AA /* Frameworks */ = {
			isa = PBXFrameworksBuildPhase;
			buildActionMask = 2147483647;
			files = (
				2C6066E09BA8BEC789773C47 /* Pods_ParstagramTests.framework in Frameworks */,
			);
			runOnlyForDeploymentPostprocessing = 0;
		};
		58DDE6442542A022001980AA /* Frameworks */ = {
			isa = PBXFrameworksBuildPhase;
			buildActionMask = 2147483647;
			files = (
				3B9B80FE33C23992E34C7C01 /* Pods_Parstagram_ParstagramUITests.framework in Frameworks */,
			);
			runOnlyForDeploymentPostprocessing = 0;
		};
/* End PBXFrameworksBuildPhase section */

/* Begin PBXGroup section */
		229738DA588DB7E65FF64204 /* Pods */ = {
			isa = PBXGroup;
			children = (
				50A13FB68F6C4C848058CCDB /* Pods-Parstagram.debug.xcconfig */,
				4FEAAF5BEAAD0508E3D6AE03 /* Pods-Parstagram.release.xcconfig */,
				31E0AB624A534E5B3790F681 /* Pods-Parstagram-ParstagramUITests.debug.xcconfig */,
				6BE2D49A15FB123C2058F32C /* Pods-Parstagram-ParstagramUITests.release.xcconfig */,
				F746CE46F979BA829F452E2B /* Pods-ParstagramTests.debug.xcconfig */,
				383468D55A760F482CCE8850 /* Pods-ParstagramTests.release.xcconfig */,
			);
			path = Pods;
			sourceTree = "<group>";
		};
		58DDE61D2542A021001980AA = {
			isa = PBXGroup;
			children = (
				58DDE6282542A021001980AA /* Parstagram */,
				58DDE63F2542A022001980AA /* ParstagramTests */,
				58DDE64A2542A022001980AA /* ParstagramUITests */,
				58DDE6272542A021001980AA /* Products */,
				229738DA588DB7E65FF64204 /* Pods */,
				F1EC7242EC87720567FA09AA /* Frameworks */,
			);
			sourceTree = "<group>";
		};
		58DDE6272542A021001980AA /* Products */ = {
			isa = PBXGroup;
			children = (
				58DDE6262542A021001980AA /* Parstagram.app */,
				58DDE63C2542A022001980AA /* ParstagramTests.xctest */,
				58DDE6472542A022001980AA /* ParstagramUITests.xctest */,
			);
			name = Products;
			sourceTree = "<group>";
		};
		58DDE6282542A021001980AA /* Parstagram */ = {
			isa = PBXGroup;
			children = (
				58DDE6292542A021001980AA /* AppDelegate.swift */,
				58DDE62B2542A021001980AA /* SceneDelegate.swift */,
				58DDE62F2542A021001980AA /* Main.storyboard */,
				58DDE6322542A022001980AA /* Assets.xcassets */,
				58DDE6342542A022001980AA /* LaunchScreen.storyboard */,
				58DDE6372542A022001980AA /* Info.plist */,
				580376E82542A84900E3E471 /* LoginViewController.swift */,
				580376ED2542A89000E3E471 /* FeedViewController.swift */,
				580376F22542B4FF00E3E471 /* CameraViewController.swift */,
				589A87942542CC4A00C5C6D6 /* PostCell.swift */,
				58C1F809254D4E9600F5104A /* CommentCell.swift */,
			);
			path = Parstagram;
			sourceTree = "<group>";
		};
		58DDE63F2542A022001980AA /* ParstagramTests */ = {
			isa = PBXGroup;
			children = (
				58DDE6402542A022001980AA /* ParstagramTests.swift */,
				58DDE6422542A022001980AA /* Info.plist */,
			);
			path = ParstagramTests;
			sourceTree = "<group>";
		};
		58DDE64A2542A022001980AA /* ParstagramUITests */ = {
			isa = PBXGroup;
			children = (
				58DDE64B2542A022001980AA /* ParstagramUITests.swift */,
				58DDE64D2542A022001980AA /* Info.plist */,
			);
			path = ParstagramUITests;
			sourceTree = "<group>";
		};
		F1EC7242EC87720567FA09AA /* Frameworks */ = {
			isa = PBXGroup;
			children = (
				965DEBD310301CB37C950D9D /* Pods_Parstagram.framework */,
				5016B8D8EC4917C0B219966B /* Pods_Parstagram_ParstagramUITests.framework */,
				3DC8564C8C75C5C2B853CFA8 /* Pods_ParstagramTests.framework */,
			);
			name = Frameworks;
			sourceTree = "<group>";
		};
/* End PBXGroup section */

/* Begin PBXNativeTarget section */
		58DDE6252542A021001980AA /* Parstagram */ = {
			isa = PBXNativeTarget;
			buildConfigurationList = 58DDE6502542A022001980AA /* Build configuration list for PBXNativeTarget "Parstagram" */;
			buildPhases = (
				65A98C31B64296E8A76F4F65 /* [CP] Check Pods Manifest.lock */,
				58DDE6222542A021001980AA /* Sources */,
				58DDE6232542A021001980AA /* Frameworks */,
				58DDE6242542A021001980AA /* Resources */,
				14945F740A57CFFA0CE7D703 /* [CP] Embed Pods Frameworks */,
			);
			buildRules = (
			);
			dependencies = (
			);
			name = Parstagram;
			productName = Parstagram;
			productReference = 58DDE6262542A021001980AA /* Parstagram.app */;
			productType = "com.apple.product-type.application";
		};
		58DDE63B2542A022001980AA /* ParstagramTests */ = {
			isa = PBXNativeTarget;
			buildConfigurationList = 58DDE6532542A022001980AA /* Build configuration list for PBXNativeTarget "ParstagramTests" */;
			buildPhases = (
				123014797C18A36426CEEFEF /* [CP] Check Pods Manifest.lock */,
				58DDE6382542A022001980AA /* Sources */,
				58DDE6392542A022001980AA /* Frameworks */,
				58DDE63A2542A022001980AA /* Resources */,
			);
			buildRules = (
			);
			dependencies = (
				58DDE63E2542A022001980AA /* PBXTargetDependency */,
			);
			name = ParstagramTests;
			productName = ParstagramTests;
			productReference = 58DDE63C2542A022001980AA /* ParstagramTests.xctest */;
			productType = "com.apple.product-type.bundle.unit-test";
		};
		58DDE6462542A022001980AA /* ParstagramUITests */ = {
			isa = PBXNativeTarget;
			buildConfigurationList = 58DDE6562542A022001980AA /* Build configuration list for PBXNativeTarget "ParstagramUITests" */;
			buildPhases = (
				8CF15808E279A8FF23ECB510 /* [CP] Check Pods Manifest.lock */,
				58DDE6432542A022001980AA /* Sources */,
				58DDE6442542A022001980AA /* Frameworks */,
				58DDE6452542A022001980AA /* Resources */,
				F61FC5936611CE60FB3D1049 /* [CP] Embed Pods Frameworks */,
			);
			buildRules = (
			);
			dependencies = (
				58DDE6492542A022001980AA /* PBXTargetDependency */,
			);
			name = ParstagramUITests;
			productName = ParstagramUITests;
			productReference = 58DDE6472542A022001980AA /* ParstagramUITests.xctest */;
			productType = "com.apple.product-type.bundle.ui-testing";
		};
/* End PBXNativeTarget section */

/* Begin PBXProject section */
		58DDE61E2542A021001980AA /* Project object */ = {
			isa = PBXProject;
			attributes = {
				LastSwiftUpdateCheck = 1210;
				LastUpgradeCheck = 1210;
				TargetAttributes = {
					58DDE6252542A021001980AA = {
						CreatedOnToolsVersion = 12.1;
					};
					58DDE63B2542A022001980AA = {
						CreatedOnToolsVersion = 12.1;
						TestTargetID = 58DDE6252542A021001980AA;
					};
					58DDE6462542A022001980AA = {
						CreatedOnToolsVersion = 12.1;
						TestTargetID = 58DDE6252542A021001980AA;
					};
				};
			};
			buildConfigurationList = 58DDE6212542A021001980AA /* Build configuration list for PBXProject "Parstagram" */;
			compatibilityVersion = "Xcode 9.3";
			developmentRegion = en;
			hasScannedForEncodings = 0;
			knownRegions = (
				en,
				Base,
			);
			mainGroup = 58DDE61D2542A021001980AA;
			productRefGroup = 58DDE6272542A021001980AA /* Products */;
			projectDirPath = "";
			projectRoot = "";
			targets = (
				58DDE6252542A021001980AA /* Parstagram */,
				58DDE63B2542A022001980AA /* ParstagramTests */,
				58DDE6462542A022001980AA /* ParstagramUITests */,
			);
		};
/* End PBXProject section */

/* Begin PBXResourcesBuildPhase section */
		58DDE6242542A021001980AA /* Resources */ = {
			isa = PBXResourcesBuildPhase;
			buildActionMask = 2147483647;
			files = (
				58DDE6362542A022001980AA /* LaunchScreen.storyboard in Resources */,
				58DDE6332542A022001980AA /* Assets.xcassets in Resources */,
				58DDE6312542A021001980AA /* Main.storyboard in Resources */,
			);
			runOnlyForDeploymentPostprocessing = 0;
		};
		58DDE63A2542A022001980AA /* Resources */ = {
			isa = PBXResourcesBuildPhase;
			buildActionMask = 2147483647;
			files = (
			);
			runOnlyForDeploymentPostprocessing = 0;
		};
		58DDE6452542A022001980AA /* Resources */ = {
			isa = PBXResourcesBuildPhase;
			buildActionMask = 2147483647;
			files = (
			);
			runOnlyForDeploymentPostprocessing = 0;
		};
/* End PBXResourcesBuildPhase section */

/* Begin PBXShellScriptBuildPhase section */
		123014797C18A36426CEEFEF /* [CP] Check Pods Manifest.lock */ = {
			isa = PBXShellScriptBuildPhase;
			buildActionMask = 2147483647;
			files = (
			);
			inputFileListPaths = (
			);
			inputPaths = (
				"${PODS_PODFILE_DIR_PATH}/Podfile.lock",
				"${PODS_ROOT}/Manifest.lock",
			);
			name = "[CP] Check Pods Manifest.lock";
			outputFileListPaths = (
			);
			outputPaths = (
				"$(DERIVED_FILE_DIR)/Pods-ParstagramTests-checkManifestLockResult.txt",
			);
			runOnlyForDeploymentPostprocessing = 0;
			shellPath = /bin/sh;
			shellScript = "diff \"${PODS_PODFILE_DIR_PATH}/Podfile.lock\" \"${PODS_ROOT}/Manifest.lock\" > /dev/null\nif [ $? != 0 ] ; then\n    # print error to STDERR\n    echo \"error: The sandbox is not in sync with the Podfile.lock. Run 'pod install' or update your CocoaPods installation.\" >&2\n    exit 1\nfi\n# This output is used by Xcode 'outputs' to avoid re-running this script phase.\necho \"SUCCESS\" > \"${SCRIPT_OUTPUT_FILE_0}\"\n";
			showEnvVarsInLog = 0;
		};
		14945F740A57CFFA0CE7D703 /* [CP] Embed Pods Frameworks */ = {
			isa = PBXShellScriptBuildPhase;
			buildActionMask = 2147483647;
			files = (
			);
			inputFileListPaths = (
				"${PODS_ROOT}/Target Support Files/Pods-Parstagram/Pods-Parstagram-frameworks-${CONFIGURATION}-input-files.xcfilelist",
			);
			name = "[CP] Embed Pods Frameworks";
			outputFileListPaths = (
				"${PODS_ROOT}/Target Support Files/Pods-Parstagram/Pods-Parstagram-frameworks-${CONFIGURATION}-output-files.xcfilelist",
			);
			runOnlyForDeploymentPostprocessing = 0;
			shellPath = /bin/sh;
			shellScript = "\"${PODS_ROOT}/Target Support Files/Pods-Parstagram/Pods-Parstagram-frameworks.sh\"\n";
			showEnvVarsInLog = 0;
		};
		65A98C31B64296E8A76F4F65 /* [CP] Check Pods Manifest.lock */ = {
			isa = PBXShellScriptBuildPhase;
			buildActionMask = 2147483647;
			files = (
			);
			inputFileListPaths = (
			);
			inputPaths = (
				"${PODS_PODFILE_DIR_PATH}/Podfile.lock",
				"${PODS_ROOT}/Manifest.lock",
			);
			name = "[CP] Check Pods Manifest.lock";
			outputFileListPaths = (
			);
			outputPaths = (
				"$(DERIVED_FILE_DIR)/Pods-Parstagram-checkManifestLockResult.txt",
			);
			runOnlyForDeploymentPostprocessing = 0;
			shellPath = /bin/sh;
			shellScript = "diff \"${PODS_PODFILE_DIR_PATH}/Podfile.lock\" \"${PODS_ROOT}/Manifest.lock\" > /dev/null\nif [ $? != 0 ] ; then\n    # print error to STDERR\n    echo \"error: The sandbox is not in sync with the Podfile.lock. Run 'pod install' or update your CocoaPods installation.\" >&2\n    exit 1\nfi\n# This output is used by Xcode 'outputs' to avoid re-running this script phase.\necho \"SUCCESS\" > \"${SCRIPT_OUTPUT_FILE_0}\"\n";
			showEnvVarsInLog = 0;
		};
		8CF15808E279A8FF23ECB510 /* [CP] Check Pods Manifest.lock */ = {
			isa = PBXShellScriptBuildPhase;
			buildActionMask = 2147483647;
			files = (
			);
			inputFileListPaths = (
			);
			inputPaths = (
				"${PODS_PODFILE_DIR_PATH}/Podfile.lock",
				"${PODS_ROOT}/Manifest.lock",
			);
			name = "[CP] Check Pods Manifest.lock";
			outputFileListPaths = (
			);
			outputPaths = (
				"$(DERIVED_FILE_DIR)/Pods-Parstagram-ParstagramUITests-checkManifestLockResult.txt",
			);
			runOnlyForDeploymentPostprocessing = 0;
			shellPath = /bin/sh;
			shellScript = "diff \"${PODS_PODFILE_DIR_PATH}/Podfile.lock\" \"${PODS_ROOT}/Manifest.lock\" > /dev/null\nif [ $? != 0 ] ; then\n    # print error to STDERR\n    echo \"error: The sandbox is not in sync with the Podfile.lock. Run 'pod install' or update your CocoaPods installation.\" >&2\n    exit 1\nfi\n# This output is used by Xcode 'outputs' to avoid re-running this script phase.\necho \"SUCCESS\" > \"${SCRIPT_OUTPUT_FILE_0}\"\n";
			showEnvVarsInLog = 0;
		};
		F61FC5936611CE60FB3D1049 /* [CP] Embed Pods Frameworks */ = {
			isa = PBXShellScriptBuildPhase;
			buildActionMask = 2147483647;
			files = (
			);
			inputFileListPaths = (
				"${PODS_ROOT}/Target Support Files/Pods-Parstagram-ParstagramUITests/Pods-Parstagram-ParstagramUITests-frameworks-${CONFIGURATION}-input-files.xcfilelist",
			);
			name = "[CP] Embed Pods Frameworks";
			outputFileListPaths = (
				"${PODS_ROOT}/Target Support Files/Pods-Parstagram-ParstagramUITests/Pods-Parstagram-ParstagramUITests-frameworks-${CONFIGURATION}-output-files.xcfilelist",
			);
			runOnlyForDeploymentPostprocessing = 0;
			shellPath = /bin/sh;
			shellScript = "\"${PODS_ROOT}/Target Support Files/Pods-Parstagram-ParstagramUITests/Pods-Parstagram-ParstagramUITests-frameworks.sh\"\n";
			showEnvVarsInLog = 0;
		};
/* End PBXShellScriptBuildPhase section */

/* Begin PBXSourcesBuildPhase section */
		58DDE6222542A021001980AA /* Sources */ = {
			isa = PBXSourcesBuildPhase;
			buildActionMask = 2147483647;
			files = (
				580376E92542A84900E3E471 /* LoginViewController.swift in Sources */,
				580376F32542B4FF00E3E471 /* CameraViewController.swift in Sources */,
				58DDE62A2542A021001980AA /* AppDelegate.swift in Sources */,
				580376EE2542A89000E3E471 /* FeedViewController.swift in Sources */,
				58DDE62C2542A021001980AA /* SceneDelegate.swift in Sources */,
				589A87952542CC4A00C5C6D6 /* PostCell.swift in Sources */,
				58C1F80A254D4E9600F5104A /* CommentCell.swift in Sources */,
			);
			runOnlyForDeploymentPostprocessing = 0;
		};
		58DDE6382542A022001980AA /* Sources */ = {
			isa = PBXSourcesBuildPhase;
			buildActionMask = 2147483647;
			files = (
				58DDE6412542A022001980AA /* ParstagramTests.swift in Sources */,
			);
			runOnlyForDeploymentPostprocessing = 0;
		};
		58DDE6432542A022001980AA /* Sources */ = {
			isa = PBXSourcesBuildPhase;
			buildActionMask = 2147483647;
			files = (
				58DDE64C2542A022001980AA /* ParstagramUITests.swift in Sources */,
			);
			runOnlyForDeploymentPostprocessing = 0;
		};
/* End PBXSourcesBuildPhase section */

/* Begin PBXTargetDependency section */
		58DDE63E2542A022001980AA /* PBXTargetDependency */ = {
			isa = PBXTargetDependency;
			target = 58DDE6252542A021001980AA /* Parstagram */;
			targetProxy = 58DDE63D2542A022001980AA /* PBXContainerItemProxy */;
		};
		58DDE6492542A022001980AA /* PBXTargetDependency */ = {
			isa = PBXTargetDependency;
			target = 58DDE6252542A021001980AA /* Parstagram */;
			targetProxy = 58DDE6482542A022001980AA /* PBXContainerItemProxy */;
		};
/* End PBXTargetDependency section */

/* Begin PBXVariantGroup section */
		58DDE62F2542A021001980AA /* Main.storyboard */ = {
			isa = PBXVariantGroup;
			children = (
				58DDE6302542A021001980AA /* Base */,
			);
			name = Main.storyboard;
			sourceTree = "<group>";
		};
		58DDE6342542A022001980AA /* LaunchScreen.storyboard */ = {
			isa = PBXVariantGroup;
			children = (
				58DDE6352542A022001980AA /* Base */,
			);
			name = LaunchScreen.storyboard;
			sourceTree = "<group>";
		};
/* End PBXVariantGroup section */

/* Begin XCBuildConfiguration section */
		58DDE64E2542A022001980AA /* Debug */ = {
			isa = XCBuildConfiguration;
			buildSettings = {
				ALWAYS_SEARCH_USER_PATHS = NO;
				CLANG_ANALYZER_NONNULL = YES;
				CLANG_ANALYZER_NUMBER_OBJECT_CONVERSION = YES_AGGRESSIVE;
				CLANG_CXX_LANGUAGE_STANDARD = "gnu++14";
				CLANG_CXX_LIBRARY = "libc++";
				CLANG_ENABLE_MODULES = YES;
				CLANG_ENABLE_OBJC_ARC = YES;
				CLANG_ENABLE_OBJC_WEAK = YES;
				CLANG_WARN_BLOCK_CAPTURE_AUTORELEASING = YES;
				CLANG_WARN_BOOL_CONVERSION = YES;
				CLANG_WARN_COMMA = YES;
				CLANG_WARN_CONSTANT_CONVERSION = YES;
				CLANG_WARN_DEPRECATED_OBJC_IMPLEMENTATIONS = YES;
				CLANG_WARN_DIRECT_OBJC_ISA_USAGE = YES_ERROR;
				CLANG_WARN_DOCUMENTATION_COMMENTS = YES;
				CLANG_WARN_EMPTY_BODY = YES;
				CLANG_WARN_ENUM_CONVERSION = YES;
				CLANG_WARN_INFINITE_RECURSION = YES;
				CLANG_WARN_INT_CONVERSION = YES;
				CLANG_WARN_NON_LITERAL_NULL_CONVERSION = YES;
				CLANG_WARN_OBJC_IMPLICIT_RETAIN_SELF = YES;
				CLANG_WARN_OBJC_LITERAL_CONVERSION = YES;
				CLANG_WARN_OBJC_ROOT_CLASS = YES_ERROR;
				CLANG_WARN_QUOTED_INCLUDE_IN_FRAMEWORK_HEADER = YES;
				CLANG_WARN_RANGE_LOOP_ANALYSIS = YES;
				CLANG_WARN_STRICT_PROTOTYPES = YES;
				CLANG_WARN_SUSPICIOUS_MOVE = YES;
				CLANG_WARN_UNGUARDED_AVAILABILITY = YES_AGGRESSIVE;
				CLANG_WARN_UNREACHABLE_CODE = YES;
				CLANG_WARN__DUPLICATE_METHOD_MATCH = YES;
				COPY_PHASE_STRIP = NO;
				DEBUG_INFORMATION_FORMAT = dwarf;
				ENABLE_STRICT_OBJC_MSGSEND = YES;
				ENABLE_TESTABILITY = YES;
				GCC_C_LANGUAGE_STANDARD = gnu11;
				GCC_DYNAMIC_NO_PIC = NO;
				GCC_NO_COMMON_BLOCKS = YES;
				GCC_OPTIMIZATION_LEVEL = 0;
				GCC_PREPROCESSOR_DEFINITIONS = (
					"DEBUG=1",
					"$(inherited)",
				);
				GCC_WARN_64_TO_32_BIT_CONVERSION = YES;
				GCC_WARN_ABOUT_RETURN_TYPE = YES_ERROR;
				GCC_WARN_UNDECLARED_SELECTOR = YES;
				GCC_WARN_UNINITIALIZED_AUTOS = YES_AGGRESSIVE;
				GCC_WARN_UNUSED_FUNCTION = YES;
				GCC_WARN_UNUSED_VARIABLE = YES;
				IPHONEOS_DEPLOYMENT_TARGET = 14.1;
				MTL_ENABLE_DEBUG_INFO = INCLUDE_SOURCE;
				MTL_FAST_MATH = YES;
				ONLY_ACTIVE_ARCH = YES;
				SDKROOT = iphoneos;
				SWIFT_ACTIVE_COMPILATION_CONDITIONS = DEBUG;
				SWIFT_OPTIMIZATION_LEVEL = "-Onone";
			};
			name = Debug;
		};
		58DDE64F2542A022001980AA /* Release */ = {
			isa = XCBuildConfiguration;
			buildSettings = {
				ALWAYS_SEARCH_USER_PATHS = NO;
				CLANG_ANALYZER_NONNULL = YES;
				CLANG_ANALYZER_NUMBER_OBJECT_CONVERSION = YES_AGGRESSIVE;
				CLANG_CXX_LANGUAGE_STANDARD = "gnu++14";
				CLANG_CXX_LIBRARY = "libc++";
				CLANG_ENABLE_MODULES = YES;
				CLANG_ENABLE_OBJC_ARC = YES;
				CLANG_ENABLE_OBJC_WEAK = YES;
				CLANG_WARN_BLOCK_CAPTURE_AUTORELEASING = YES;
				CLANG_WARN_BOOL_CONVERSION = YES;
				CLANG_WARN_COMMA = YES;
				CLANG_WARN_CONSTANT_CONVERSION = YES;
				CLANG_WARN_DEPRECATED_OBJC_IMPLEMENTATIONS = YES;
				CLANG_WARN_DIRECT_OBJC_ISA_USAGE = YES_ERROR;
				CLANG_WARN_DOCUMENTATION_COMMENTS = YES;
				CLANG_WARN_EMPTY_BODY = YES;
				CLANG_WARN_ENUM_CONVERSION = YES;
				CLANG_WARN_INFINITE_RECURSION = YES;
				CLANG_WARN_INT_CONVERSION = YES;
				CLANG_WARN_NON_LITERAL_NULL_CONVERSION = YES;
				CLANG_WARN_OBJC_IMPLICIT_RETAIN_SELF = YES;
				CLANG_WARN_OBJC_LITERAL_CONVERSION = YES;
				CLANG_WARN_OBJC_ROOT_CLASS = YES_ERROR;
				CLANG_WARN_QUOTED_INCLUDE_IN_FRAMEWORK_HEADER = YES;
				CLANG_WARN_RANGE_LOOP_ANALYSIS = YES;
				CLANG_WARN_STRICT_PROTOTYPES = YES;
				CLANG_WARN_SUSPICIOUS_MOVE = YES;
				CLANG_WARN_UNGUARDED_AVAILABILITY = YES_AGGRESSIVE;
				CLANG_WARN_UNREACHABLE_CODE = YES;
				CLANG_WARN__DUPLICATE_METHOD_MATCH = YES;
				COPY_PHASE_STRIP = NO;
				DEBUG_INFORMATION_FORMAT = "dwarf-with-dsym";
				ENABLE_NS_ASSERTIONS = NO;
				ENABLE_STRICT_OBJC_MSGSEND = YES;
				GCC_C_LANGUAGE_STANDARD = gnu11;
				GCC_NO_COMMON_BLOCKS = YES;
				GCC_WARN_64_TO_32_BIT_CONVERSION = YES;
				GCC_WARN_ABOUT_RETURN_TYPE = YES_ERROR;
				GCC_WARN_UNDECLARED_SELECTOR = YES;
				GCC_WARN_UNINITIALIZED_AUTOS = YES_AGGRESSIVE;
				GCC_WARN_UNUSED_FUNCTION = YES;
				GCC_WARN_UNUSED_VARIABLE = YES;
				IPHONEOS_DEPLOYMENT_TARGET = 14.1;
				MTL_ENABLE_DEBUG_INFO = NO;
				MTL_FAST_MATH = YES;
				SDKROOT = iphoneos;
				SWIFT_COMPILATION_MODE = wholemodule;
				SWIFT_OPTIMIZATION_LEVEL = "-O";
				VALIDATE_PRODUCT = YES;
			};
			name = Release;
		};
		58DDE6512542A022001980AA /* Debug */ = {
			isa = XCBuildConfiguration;
			baseConfigurationReference = 50A13FB68F6C4C848058CCDB /* Pods-Parstagram.debug.xcconfig */;
			buildSettings = {
				ASSETCATALOG_COMPILER_APPICON_NAME = AppIcon;
				ASSETCATALOG_COMPILER_GLOBAL_ACCENT_COLOR_NAME = AccentColor;
				CODE_SIGN_STYLE = Automatic;
				INFOPLIST_FILE = Parstagram/Info.plist;
				LD_RUNPATH_SEARCH_PATHS = (
					"$(inherited)",
					"@executable_path/Frameworks",
				);
				PRODUCT_BUNDLE_IDENTIFIER = cpp.Parstagram;
				PRODUCT_NAME = "$(TARGET_NAME)";
				SWIFT_VERSION = 5.0;
				TARGETED_DEVICE_FAMILY = "1,2";
			};
			name = Debug;
		};
		58DDE6522542A022001980AA /* Release */ = {
			isa = XCBuildConfiguration;
			baseConfigurationReference = 4FEAAF5BEAAD0508E3D6AE03 /* Pods-Parstagram.release.xcconfig */;
			buildSettings = {
				ASSETCATALOG_COMPILER_APPICON_NAME = AppIcon;
				ASSETCATALOG_COMPILER_GLOBAL_ACCENT_COLOR_NAME = AccentColor;
				CODE_SIGN_STYLE = Automatic;
				INFOPLIST_FILE = Parstagram/Info.plist;
				LD_RUNPATH_SEARCH_PATHS = (
					"$(inherited)",
					"@executable_path/Frameworks",
				);
				PRODUCT_BUNDLE_IDENTIFIER = cpp.Parstagram;
				PRODUCT_NAME = "$(TARGET_NAME)";
				SWIFT_VERSION = 5.0;
				TARGETED_DEVICE_FAMILY = "1,2";
			};
			name = Release;
		};
		58DDE6542542A022001980AA /* Debug */ = {
			isa = XCBuildConfiguration;
			baseConfigurationReference = F746CE46F979BA829F452E2B /* Pods-ParstagramTests.debug.xcconfig */;
			buildSettings = {
				ALWAYS_EMBED_SWIFT_STANDARD_LIBRARIES = YES;
				BUNDLE_LOADER = "$(TEST_HOST)";
				CODE_SIGN_STYLE = Automatic;
				INFOPLIST_FILE = ParstagramTests/Info.plist;
				IPHONEOS_DEPLOYMENT_TARGET = 14.1;
				LD_RUNPATH_SEARCH_PATHS = (
					"$(inherited)",
					"@executable_path/Frameworks",
					"@loader_path/Frameworks",
				);
				PRODUCT_BUNDLE_IDENTIFIER = cpp.ParstagramTests;
				PRODUCT_NAME = "$(TARGET_NAME)";
				SWIFT_VERSION = 5.0;
				TARGETED_DEVICE_FAMILY = "1,2";
				TEST_HOST = "$(BUILT_PRODUCTS_DIR)/Parstagram.app/Parstagram";
			};
			name = Debug;
		};
		58DDE6552542A022001980AA /* Release */ = {
			isa = XCBuildConfiguration;
			baseConfigurationReference = 383468D55A760F482CCE8850 /* Pods-ParstagramTests.release.xcconfig */;
			buildSettings = {
				ALWAYS_EMBED_SWIFT_STANDARD_LIBRARIES = YES;
				BUNDLE_LOADER = "$(TEST_HOST)";
				CODE_SIGN_STYLE = Automatic;
				INFOPLIST_FILE = ParstagramTests/Info.plist;
				IPHONEOS_DEPLOYMENT_TARGET = 14.1;
				LD_RUNPATH_SEARCH_PATHS = (
					"$(inherited)",
					"@executable_path/Frameworks",
					"@loader_path/Frameworks",
				);
				PRODUCT_BUNDLE_IDENTIFIER = cpp.ParstagramTests;
				PRODUCT_NAME = "$(TARGET_NAME)";
				SWIFT_VERSION = 5.0;
				TARGETED_DEVICE_FAMILY = "1,2";
				TEST_HOST = "$(BUILT_PRODUCTS_DIR)/Parstagram.app/Parstagram";
			};
			name = Release;
		};
		58DDE6572542A022001980AA /* Debug */ = {
			isa = XCBuildConfiguration;
			baseConfigurationReference = 31E0AB624A534E5B3790F681 /* Pods-Parstagram-ParstagramUITests.debug.xcconfig */;
			buildSettings = {
				ALWAYS_EMBED_SWIFT_STANDARD_LIBRARIES = YES;
				CODE_SIGN_STYLE = Automatic;
				INFOPLIST_FILE = ParstagramUITests/Info.plist;
				LD_RUNPATH_SEARCH_PATHS = (
					"$(inherited)",
					"@executable_path/Frameworks",
					"@loader_path/Frameworks",
				);
				PRODUCT_BUNDLE_IDENTIFIER = cpp.ParstagramUITests;
				PRODUCT_NAME = "$(TARGET_NAME)";
				SWIFT_VERSION = 5.0;
				TARGETED_DEVICE_FAMILY = "1,2";
				TEST_TARGET_NAME = Parstagram;
			};
			name = Debug;
		};
		58DDE6582542A022001980AA /* Release */ = {
			isa = XCBuildConfiguration;
			baseConfigurationReference = 6BE2D49A15FB123C2058F32C /* Pods-Parstagram-ParstagramUITests.release.xcconfig */;
			buildSettings = {
				ALWAYS_EMBED_SWIFT_STANDARD_LIBRARIES = YES;
				CODE_SIGN_STYLE = Automatic;
				INFOPLIST_FILE = ParstagramUITests/Info.plist;
				LD_RUNPATH_SEARCH_PATHS = (
					"$(inherited)",
					"@executable_path/Frameworks",
					"@loader_path/Frameworks",
				);
				PRODUCT_BUNDLE_IDENTIFIER = cpp.ParstagramUITests;
				PRODUCT_NAME = "$(TARGET_NAME)";
				SWIFT_VERSION = 5.0;
				TARGETED_DEVICE_FAMILY = "1,2";
				TEST_TARGET_NAME = Parstagram;
			};
			name = Release;
		};
/* End XCBuildConfiguration section */

/* Begin XCConfigurationList section */
		58DDE6212542A021001980AA /* Build configuration list for PBXProject "Parstagram" */ = {
			isa = XCConfigurationList;
			buildConfigurations = (
				58DDE64E2542A022001980AA /* Debug */,
				58DDE64F2542A022001980AA /* Release */,
			);
			defaultConfigurationIsVisible = 0;
			defaultConfigurationName = Release;
		};
		58DDE6502542A022001980AA /* Build configuration list for PBXNativeTarget "Parstagram" */ = {
			isa = XCConfigurationList;
			buildConfigurations = (
				58DDE6512542A022001980AA /* Debug */,
				58DDE6522542A022001980AA /* Release */,
			);
			defaultConfigurationIsVisible = 0;
			defaultConfigurationName = Release;
		};
		58DDE6532542A022001980AA /* Build configuration list for PBXNativeTarget "ParstagramTests" */ = {
			isa = XCConfigurationList;
			buildConfigurations = (
				58DDE6542542A022001980AA /* Debug */,
				58DDE6552542A022001980AA /* Release */,
			);
			defaultConfigurationIsVisible = 0;
			defaultConfigurationName = Release;
		};
		58DDE6562542A022001980AA /* Build configuration list for PBXNativeTarget "ParstagramUITests" */ = {
			isa = XCConfigurationList;
			buildConfigurations = (
				58DDE6572542A022001980AA /* Debug */,
				58DDE6582542A022001980AA /* Release */,
			);
			defaultConfigurationIsVisible = 0;
			defaultConfigurationName = Release;
		};
/* End XCConfigurationList section */
	};
	rootObject = 58DDE61E2542A021001980AA /* Project object */;
}
